# This file is automatically @generated by Cargo.
# It is not intended for manual editing.
version = 4

[[package]]
name = "core-ws"
version = "0.1.0"
dependencies = [
 "cpu-v30mz",
 "format-ws",
]

[[package]]
name = "cpu-v30mz"
version = "0.1.0"

[[package]]
name = "format-ws"
version = "0.1.0"

[[package]]
name = "v20-harness"
version = "0.1.0"
dependencies = [
 "cpu-v30mz",
]

[[package]]
name = "ws-cli"
version = "0.1.0"
dependencies = [
 "core-ws",
 "format-ws",
 "ws-testkit",
]

[[package]]
name = "ws-contracts"
version = "0.1.0"

[[package]]
name = "ws-testkit"
version = "0.1.0"
dependencies = [
 "ws-contracts",
]
